# This file is generated by running "yarn install" inside your project.
# Manual changes might be lost - proceed with caution!

__metadata:
  version: 6
  cacheKey: 8

"@fastify/helmet@npm:^10.0.0":
  version: 10.0.1
  resolution: "@fastify/helmet@npm:10.0.1"
  dependencies:
    fastify-plugin: ^4.2.1
    helmet: ^6.0.0
  checksum: d95935035dcfc66cef3ea996bf663e658a81c5bc42e9fa61d135e926714367e50b4e036aafb037d8058ab361c8d08d468e1a053f2fa387198c5a7d088198b897
  languageName: node
  linkType: hard

"@root/package1@workspace:packages/package1":
  version: 0.0.0-use.local
  resolution: "@root/package1@workspace:packages/package1"
  dependencies:
    "@fastify/helmet": ^10.0.0
    "@sentry/node": ^7.14.0
    "@types/node": ^16.11.62
  languageName: unknown
  linkType: soft

"@root/package2@workspace:packages/package2":
  version: 0.0.0-use.local
  resolution: "@root/package2@workspace:packages/package2"
  dependencies:
    "@fastify/helmet": ^10.0.0
    "@sentry/node": ^7.14.0
    "@types/node": ^16.11.62
  languageName: unknown
  linkType: soft

"@root/package3@workspace:packages/package3":
  version: 0.0.0-use.local
  resolution: "@root/package3@workspace:packages/package3"
  dependencies:
    "@sentry/node": ^7.14.0
    "@types/node": ^16.11.62
  languageName: unknown
  linkType: soft

"@sentry/core@npm:7.14.1":
  version: 7.14.1
  resolution: "@sentry/core@npm:7.14.1"
  dependencies:
    "@sentry/hub": 7.14.1
    "@sentry/types": 7.14.1
    "@sentry/utils": 7.14.1
    tslib: ^1.9.3
  checksum: d8e36c771b81284e85a6d970b79fceba3155674b024e0a26eaaca16ba697fc60e890b782a6918db1a3017ab91b5518ee56921b7225491d12599e565a0e1bc8b3
  languageName: node
  linkType: hard

"@sentry/hub@npm:7.14.1":
  version: 7.14.1
  resolution: "@sentry/hub@npm:7.14.1"
  dependencies:
    "@sentry/types": 7.14.1
    "@sentry/utils": 7.14.1
    tslib: ^1.9.3
  checksum: d471ea7cee5f800fc4edf1c69bc71ecd1d17c00e7ab7aed30e74f17f2def01b4a1b4eb1923bc116c516233638259aae3b6e76bbb18d3a5fd271c97a991ad5778
  languageName: node
  linkType: hard

"@sentry/node@npm:^7.14.0":
  version: 7.14.1
  resolution: "@sentry/node@npm:7.14.1"
  dependencies:
    "@sentry/core": 7.14.1
    "@sentry/hub": 7.14.1
    "@sentry/types": 7.14.1
    "@sentry/utils": 7.14.1
    cookie: ^0.4.1
    https-proxy-agent: ^5.0.0
    lru_map: ^0.3.3
    tslib: ^1.9.3
  checksum: 7db1bdaffbc65a3e7ff3b05a85f60e1f3cda92fedadb7e6fb6c8590d699f83c900aa95acbbe915ddb6b6eb4a068ef8d1f2634036bc777400027faff5ead002d1
  languageName: node
  linkType: hard

"@sentry/types@npm:7.14.1":
  version: 7.14.1
  resolution: "@sentry/types@npm:7.14.1"
  checksum: c6c155514f044f5abc9a9627be9d8c5d4126d5f627c0bc5fee9e7beb06c08862bdcbea967c26371ae0e26288ac846083c6a02a06885384296f44acf369b62a82
  languageName: node
  linkType: hard

"@sentry/utils@npm:7.14.1":
  version: 7.14.1
  resolution: "@sentry/utils@npm:7.14.1"
  dependencies:
    "@sentry/types": 7.14.1
    tslib: ^1.9.3
  checksum: 9b53b7b3b34d995ca83980790a897979aa105028fcac18b34c9cf890f3fab88f8d42e55e35d82cb0acc34285bd03b9ccda612431725e81a2a938c99b6af3a329
  languageName: node
  linkType: hard

"@types/node@npm:^16.11.62":
  version: 16.11.63
  resolution: "@types/node@npm:16.11.63"
  checksum: d0c905916560fea680cadca356418016bd07d0227b7374139b6342191e11cc0fa2251400453d08c49f111bd88c58728113271573b8ce8d90796d220b7d3a9b39
  languageName: node
  linkType: hard

"agent-base@npm:6":
  version: 6.0.2
  resolution: "agent-base@npm:6.0.2"
  dependencies:
    debug: 4
  checksum: f52b6872cc96fd5f622071b71ef200e01c7c4c454ee68bc9accca90c98cfb39f2810e3e9aa330435835eedc8c23f4f8a15267f67c6e245d2b33757575bdac49d
  languageName: node
  linkType: hard

"cookie@npm:^0.4.1":
  version: 0.4.2
  resolution: "cookie@npm:0.4.2"
  checksum: a00833c998bedf8e787b4c342defe5fa419abd96b32f4464f718b91022586b8f1bafbddd499288e75c037642493c83083da426c6a9080d309e3bd90fd11baa9b
  languageName: node
  linkType: hard

"debug@npm:4":
  version: 4.3.4
  resolution: "debug@npm:4.3.4"
  dependencies:
    ms: 2.1.2
  peerDependenciesMeta:
    supports-color:
      optional: true
  checksum: 3dbad3f94ea64f34431a9cbf0bafb61853eda57bff2880036153438f50fb5a84f27683ba0d8e5426bf41a8c6ff03879488120cf5b3a761e77953169c0600a708
  languageName: node
  linkType: hard

"fastify-plugin@npm:^4.2.1":
  version: 4.2.1
  resolution: "fastify-plugin@npm:4.2.1"
  checksum: 01eaa6644f21a50c0a83a8ac0dceea8f2d35bafd233788a10a7b60803bb0b27068677b718e05ce14f4e97778f0966389eedbbb16b4f3886d7fbbb6125788d681
  languageName: node
  linkType: hard

"helmet@npm:^6.0.0":
  version: 6.0.0
  resolution: "helmet@npm:6.0.0"
  checksum: 0dd89d5b77c5334e815f5d29376ca7af0ad1007136890f497be3455d9ed9734e7203e13d9931e29e4d2ced1c632c52440f16d2a02e8835fd8b8706a12052faad
  languageName: node
  linkType: hard

"https-proxy-agent@npm:^5.0.0":
  version: 5.0.1
  resolution: "https-proxy-agent@npm:5.0.1"
  dependencies:
    agent-base: 6
    debug: 4
  checksum: 571fccdf38184f05943e12d37d6ce38197becdd69e58d03f43637f7fa1269cf303a7d228aa27e5b27bbd3af8f09fd938e1c91dcfefff2df7ba77c20ed8dfc765
  languageName: node
  linkType: hard

"lru_map@npm:^0.3.3":
  version: 0.3.3
  resolution: "lru_map@npm:0.3.3"
  checksum: ca9dd43c65ed7a4f117c548028101c5b6855e10923ea9d1f635af53ad20c5868ff428c364d454a7b57fe391b89c704982275410c3c5099cca5aeee00d76e169a
  languageName: node
  linkType: hard

"ms@npm:2.1.2":
  version: 2.1.2
  resolution: "ms@npm:2.1.2"
  checksum: 673cdb2c3133eb050c745908d8ce632ed2c02d85640e2edb3ace856a2266a813b30c613569bf3354fdf4ea7d1a1494add3bfa95e2713baa27d0c2c71fc44f58f
  languageName: node
  linkType: hard

"root@workspace:.":
  version: 0.0.0-use.local
  resolution: "root@workspace:."
  dependencies:
    "@types/node": ^16.11.62
  languageName: unknown
  linkType: soft

"tslib@npm:^1.9.3":
  version: 1.14.1
  resolution: "tslib@npm:1.14.1"
  checksum: dbe628ef87f66691d5d2959b3e41b9ca0045c3ee3c7c7b906cc1e328b39f199bb1ad9e671c39025bd56122ac57dfbf7385a94843b1cc07c60a4db74795829acd
  languageName: node
  linkType: hard
