# This file is generated by running "yarn install" inside your project.
# Manual changes might be lost - proceed with caution!

__metadata:
  version: 6
  cacheKey: 8

"@fastify/helmet@npm:10.0.0":
  version: 10.0.0
  resolution: "@fastify/helmet@npm:10.0.0"
  dependencies:
    fastify-plugin: ^4.2.1
    helmet: ^6.0.0
  checksum: 6bf9d6e7baeaffa5622797d9afd47a2ea562f26a84058d8122c6d631847471a7e78ba0ed59813ce738608dce130576a4c1b0838a37a0cb320c39242173f30c8a
  languageName: node
  linkType: hard

"@root/package1@workspace:packages/package1":
  version: 0.0.0-use.local
  resolution: "@root/package1@workspace:packages/package1"
  dependencies:
    "@fastify/helmet": 10.0.0
    "@sentry/node": 7.14.0
    "@types/node": 18.8.3
  languageName: unknown
  linkType: soft

"@root/package2@workspace:packages/package2":
  version: 0.0.0-use.local
  resolution: "@root/package2@workspace:packages/package2"
  dependencies:
    "@fastify/helmet": 10.0.0
    "@sentry/node": 7.14.0
    "@types/node": 18.8.3
  languageName: unknown
  linkType: soft

"@root/package3@workspace:packages/package3":
  version: 0.0.0-use.local
  resolution: "@root/package3@workspace:packages/package3"
  dependencies:
    "@sentry/node": 7.14.0
    "@types/node": 18.8.3
  languageName: unknown
  linkType: soft

"@sentry/core@npm:7.14.0":
  version: 7.14.0
  resolution: "@sentry/core@npm:7.14.0"
  dependencies:
    "@sentry/hub": 7.14.0
    "@sentry/types": 7.14.0
    "@sentry/utils": 7.14.0
    tslib: ^1.9.3
  checksum: 3c8532992c83c99c6fd4bde77620078e8bdeb39fbc1c796cbc7f9701fe373e91e990a9d8740d4c1836167b7eeae5907233feeafe17ab38c74b64e65a8008cdce
  languageName: node
  linkType: hard

"@sentry/hub@npm:7.14.0":
  version: 7.14.0
  resolution: "@sentry/hub@npm:7.14.0"
  dependencies:
    "@sentry/types": 7.14.0
    "@sentry/utils": 7.14.0
    tslib: ^1.9.3
  checksum: 7a8302bfe948d520c3505e1bf4fecc409a058e723797c9f20d6b4e2cd3be9298d623e2b220f254fc39fb8f3f5c243e39b661fc8aeb7a002b6ab45967c02d88a2
  languageName: node
  linkType: hard

"@sentry/node@npm:7.14.0":
  version: 7.14.0
  resolution: "@sentry/node@npm:7.14.0"
  dependencies:
    "@sentry/core": 7.14.0
    "@sentry/hub": 7.14.0
    "@sentry/types": 7.14.0
    "@sentry/utils": 7.14.0
    cookie: ^0.4.1
    https-proxy-agent: ^5.0.0
    lru_map: ^0.3.3
    tslib: ^1.9.3
  checksum: 4bf3decdd4afe48cc7020fc6420c0a84a12ed48120294837f3cb66ba2e8e3426445528a6cbdbf09022203ed9eaea22730dba37d0e6fb07297d16de40b64cce08
  languageName: node
  linkType: hard

"@sentry/types@npm:7.14.0":
  version: 7.14.0
  resolution: "@sentry/types@npm:7.14.0"
  checksum: daae2f0609790ae619c359b27d6a87269c1e136374514e3b41c87c0fe40ce3171822ebcdc2fbc05fdda86725d42147e1562cf32973c26c9179f2e5ba751d3396
  languageName: node
  linkType: hard

"@sentry/utils@npm:7.14.0":
  version: 7.14.0
  resolution: "@sentry/utils@npm:7.14.0"
  dependencies:
    "@sentry/types": 7.14.0
    tslib: ^1.9.3
  checksum: f0587a542d1ac3b47e8fabe0237b1339de8e928d9be46e937e33c2b174f8b79aa5520d692ff51377cafd67de297aa052feca11e476b2b7d948d59aa3c81dcf5d
  languageName: node
  linkType: hard

"@types/node@npm:18.8.3":
  version: 18.8.3
  resolution: "@types/node@npm:18.8.3"
  checksum: 9201adc6dc389644c9f478f950ef8926a93e5827865dcd80d7d12fefacab665c96879c87cd6ec74d5eccdd998c4603d02e1e07a35d71a63fe4c20670a381f6ef
  languageName: node
  linkType: hard

"agent-base@npm:6":
  version: 6.0.2
  resolution: "agent-base@npm:6.0.2"
  dependencies:
    debug: 4
  checksum: f52b6872cc96fd5f622071b71ef200e01c7c4c454ee68bc9accca90c98cfb39f2810e3e9aa330435835eedc8c23f4f8a15267f67c6e245d2b33757575bdac49d
  languageName: node
  linkType: hard

"cookie@npm:^0.4.1":
  version: 0.4.2
  resolution: "cookie@npm:0.4.2"
  checksum: a00833c998bedf8e787b4c342defe5fa419abd96b32f4464f718b91022586b8f1bafbddd499288e75c037642493c83083da426c6a9080d309e3bd90fd11baa9b
  languageName: node
  linkType: hard

"debug@npm:4":
  version: 4.3.4
  resolution: "debug@npm:4.3.4"
  dependencies:
    ms: 2.1.2
  peerDependenciesMeta:
    supports-color:
      optional: true
  checksum: 3dbad3f94ea64f34431a9cbf0bafb61853eda57bff2880036153438f50fb5a84f27683ba0d8e5426bf41a8c6ff03879488120cf5b3a761e77953169c0600a708
  languageName: node
  linkType: hard

"fastify-plugin@npm:^4.2.1":
  version: 4.2.1
  resolution: "fastify-plugin@npm:4.2.1"
  checksum: 01eaa6644f21a50c0a83a8ac0dceea8f2d35bafd233788a10a7b60803bb0b27068677b718e05ce14f4e97778f0966389eedbbb16b4f3886d7fbbb6125788d681
  languageName: node
  linkType: hard

"helmet@npm:^6.0.0":
  version: 6.0.0
  resolution: "helmet@npm:6.0.0"
  checksum: 0dd89d5b77c5334e815f5d29376ca7af0ad1007136890f497be3455d9ed9734e7203e13d9931e29e4d2ced1c632c52440f16d2a02e8835fd8b8706a12052faad
  languageName: node
  linkType: hard

"https-proxy-agent@npm:^5.0.0":
  version: 5.0.1
  resolution: "https-proxy-agent@npm:5.0.1"
  dependencies:
    agent-base: 6
    debug: 4
  checksum: 571fccdf38184f05943e12d37d6ce38197becdd69e58d03f43637f7fa1269cf303a7d228aa27e5b27bbd3af8f09fd938e1c91dcfefff2df7ba77c20ed8dfc765
  languageName: node
  linkType: hard

"lru_map@npm:^0.3.3":
  version: 0.3.3
  resolution: "lru_map@npm:0.3.3"
  checksum: ca9dd43c65ed7a4f117c548028101c5b6855e10923ea9d1f635af53ad20c5868ff428c364d454a7b57fe391b89c704982275410c3c5099cca5aeee00d76e169a
  languageName: node
  linkType: hard

"ms@npm:2.1.2":
  version: 2.1.2
  resolution: "ms@npm:2.1.2"
  checksum: 673cdb2c3133eb050c745908d8ce632ed2c02d85640e2edb3ace856a2266a813b30c613569bf3354fdf4ea7d1a1494add3bfa95e2713baa27d0c2c71fc44f58f
  languageName: node
  linkType: hard

"root@workspace:.":
  version: 0.0.0-use.local
  resolution: "root@workspace:."
  dependencies:
    "@types/node": 18.8.3
  languageName: unknown
  linkType: soft

"tslib@npm:^1.9.3":
  version: 1.14.1
  resolution: "tslib@npm:1.14.1"
  checksum: dbe628ef87f66691d5d2959b3e41b9ca0045c3ee3c7c7b906cc1e328b39f199bb1ad9e671c39025bd56122ac57dfbf7385a94843b1cc07c60a4db74795829acd
  languageName: node
  linkType: hard
